// !$*UTF8*$!
{
	archiveVersion = 1;
	classes = {
	};
	objectVersion = 46;
	objects = {

/* Begin PBXBuildFile section */
		E5EB304B1C464EB600ADEBB0 /* main.m in Sources */ = {isa = PBXBuildFile; fileRef = E5EB304A1C464EB600ADEBB0 /* main.m */; };
		E5EB304E1C464EB600ADEBB0 /* AppDelegate.m in Sources */ = {isa = PBXBuildFile; fileRef = E5EB304D1C464EB600ADEBB0 /* AppDelegate.m */; };
		E5EB30511C464EB600ADEBB0 /* ViewController.m in Sources */ = {isa = PBXBuildFile; fileRef = E5EB30501C464EB600ADEBB0 /* ViewController.m */; };
		E5EB30541C464EB600ADEBB0 /* Main.storyboard in Resources */ = {isa = PBXBuildFile; fileRef = E5EB30521C464EB600ADEBB0 /* Main.storyboard */; };
		E5EB30561C464EB600ADEBB0 /* Assets.xcassets in Resources */ = {isa = PBXBuildFile; fileRef = E5EB30551C464EB600ADEBB0 /* Assets.xcassets */; };
		E5EB30591C464EB600ADEBB0 /* LaunchScreen.storyboard in Resources */ = {isa = PBXBuildFile; fileRef = E5EB30571C464EB600ADEBB0 /* LaunchScreen.storyboard */; };
		E5EB30641C464EB600ADEBB0 /* LuckyDrawTests.m in Sources */ = {isa = PBXBuildFile; fileRef = E5EB30631C464EB600ADEBB0 /* LuckyDrawTests.m */; };
		E5EB306F1C464EB600ADEBB0 /* LuckyDrawUITests.m in Sources */ = {isa = PBXBuildFile; fileRef = E5EB306E1C464EB600ADEBB0 /* LuckyDrawUITests.m */; };
/* End PBXBuildFile section */

/* Begin PBXContainerItemProxy section */
		E5EB30601C464EB600ADEBB0 /* PBXContainerItemProxy */ = {
			isa = PBXContainerItemProxy;
			containerPortal = E5EB303E1C464EB600ADEBB0 /* Project object */;
			proxyType = 1;
			remoteGlobalIDString = E5EB30451C464EB600ADEBB0;
			remoteInfo = LuckyDraw;
		};
		E5EB306B1C464EB600ADEBB0 /* PBXContainerItemProxy */ = {
			isa = PBXContainerItemProxy;
			containerPortal = E5EB303E1C464EB600ADEBB0 /* Project object */;
			proxyType = 1;
			remoteGlobalIDString = E5EB30451C464EB600ADEBB0;
			remoteInfo = LuckyDraw;
		};
/* End PBXContainerItemProxy section */

/* Begin PBXFileReference section */
		E5EB30461C464EB600ADEBB0 /* LuckyDraw.app */ = {isa = PBXFileReference; explicitFileType = wrapper.application; includeInIndex = 0; path = LuckyDraw.app; sourceTree = BUILT_PRODUCTS_DIR; };
		E5EB304A1C464EB600ADEBB0 /* main.m */ = {isa = PBXFileReference; lastKnownFileType = sourcecode.c.objc; path = main.m; sourceTree = "<group>"; };
		E5EB304C1C464EB600ADEBB0 /* AppDelegate.h */ = {isa = PBXFileReference; lastKnownFileType = sourcecode.c.h; path = AppDelegate.h; sourceTree = "<group>"; };
		E5EB304D1C464EB600ADEBB0 /* AppDelegate.m */ = {isa = PBXFileReference; lastKnownFileType = sourcecode.c.objc; path = AppDelegate.m; sourceTree = "<group>"; };
		E5EB304F1C464EB600ADEBB0 /* ViewController.h */ = {isa = PBXFileReference; lastKnownFileType = sourcecode.c.h; path = ViewController.h; sourceTree = "<group>"; };
		E5EB30501C464EB600ADEBB0 /* ViewController.m */ = {isa = PBXFileReference; lastKnownFileType = sourcecode.c.objc; path = ViewController.m; sourceTree = "<group>"; };
		E5EB30531C464EB600ADEBB0 /* Base */ = {isa = PBXFileReference; lastKnownFileType = file.storyboard; name = Base; path = Base.lproj/Main.storyboard; sourceTree = "<group>"; };
		E5EB30551C464EB600ADEBB0 /* Assets.xcassets */ = {isa = PBXFileReference; lastKnownFileType = folder.assetcatalog; path = Assets.xcassets; sourceTree = "<group>"; };
		E5EB30581C464EB600ADEBB0 /* Base */ = {isa = PBXFileReference; lastKnownFileType = file.storyboard; name = Base; path = Base.lproj/LaunchScreen.storyboard; sourceTree = "<group>"; };
		E5EB305A1C464EB600ADEBB0 /* Info.plist */ = {isa = PBXFileReference; lastKnownFileType = text.plist.xml; path = Info.plist; sourceTree = "<group>"; };
		E5EB305F1C464EB600ADEBB0 /* LuckyDrawTests.xctest */ = {isa = PBXFileReference; explicitFileType = wrapper.cfbundle; includeInIndex = 0; path = LuckyDrawTests.xctest; sourceTree = BUILT_PRODUCTS_DIR; };
		E5EB30631C464EB600ADEBB0 /* LuckyDrawTests.m */ = {isa = PBXFileReference; lastKnownFileType = sourcecode.c.objc; path = LuckyDrawTests.m; sourceTree = "<group>"; };
		E5EB30651C464EB600ADEBB0 /* Info.plist */ = {isa = PBXFileReference; lastKnownFileType = text.plist.xml; path = Info.plist; sourceTree = "<group>"; };
		E5EB306A1C464EB600ADEBB0 /* LuckyDrawUITests.xctest */ = {isa = PBXFileReference; explicitFileType = wrapper.cfbundle; includeInIndex = 0; path = LuckyDrawUITests.xctest; sourceTree = BUILT_PRODUCTS_DIR; };
		E5EB306E1C464EB600ADEBB0 /* LuckyDrawUITests.m */ = {isa = PBXFileReference; lastKnownFileType = sourcecode.c.objc; path = LuckyDrawUITests.m; sourceTree = "<group>"; };
		E5EB30701C464EB600ADEBB0 /* Info.plist */ = {isa = PBXFileReference; lastKnownFileType = text.plist.xml; path = Info.plist; sourceTree = "<group>"; };
/* End PBXFileReference section */

/* Begin PBXFrameworksBuildPhase section */
		E5EB30431C464EB600ADEBB0 /* Frameworks */ = {
			isa = PBXFrameworksBuildPhase;
			buildActionMask = 2147483647;
			files = (
			);
			runOnlyForDeploymentPostprocessing = 0;
		};
		E5EB305C1C464EB600ADEBB0 /* Frameworks */ = {
			isa = PBXFrameworksBuildPhase;
			buildActionMask = 2147483647;
			files = (
			);
			runOnlyForDeploymentPostprocessing = 0;
		};
		E5EB30671C464EB600ADEBB0 /* Frameworks */ = {
			isa = PBXFrameworksBuildPhase;
			buildActionMask = 2147483647;
			files = (
			);
			runOnlyForDeploymentPostprocessing = 0;
		};
/* End PBXFrameworksBuildPhase section */

/* Begin PBXGroup section */
		E5EB303D1C464EB600ADEBB0 = {
			isa = PBXGroup;
			children = (
				E5EB30481C464EB600ADEBB0 /* LuckyDraw */,
				E5EB30621C464EB600ADEBB0 /* LuckyDrawTests */,
				E5EB306D1C464EB600ADEBB0 /* LuckyDrawUITests */,
				E5EB30471C464EB600ADEBB0 /* Products */,
			);
			sourceTree = "<group>";
		};
		E5EB30471C464EB600ADEBB0 /* Products */ = {
			isa = PBXGroup;
			children = (
				E5EB30461C464EB600ADEBB0 /* LuckyDraw.app */,
				E5EB305F1C464EB600ADEBB0 /* LuckyDrawTests.xctest */,
				E5EB306A1C464EB600ADEBB0 /* LuckyDrawUITests.xctest */,
			);
			name = Products;
			sourceTree = "<group>";
		};
		E5EB30481C464EB600ADEBB0 /* LuckyDraw */ = {
			isa = PBXGroup;
			children = (
				E5EB304C1C464EB600ADEBB0 /* AppDelegate.h */,
				E5EB304D1C464EB600ADEBB0 /* AppDelegate.m */,
				E5EB304F1C464EB600ADEBB0 /* ViewController.h */,
				E5EB30501C464EB600ADEBB0 /* ViewController.m */,
				E5EB30521C464EB600ADEBB0 /* Main.storyboard */,
				E5EB30551C464EB600ADEBB0 /* Assets.xcassets */,
				E5EB30571C464EB600ADEBB0 /* LaunchScreen.storyboard */,
				E5EB305A1C464EB600ADEBB0 /* Info.plist */,
				E5EB30491C464EB600ADEBB0 /* Supporting Files */,
			);
			path = LuckyDraw;
			sourceTree = "<group>";
		};
		E5EB30491C464EB600ADEBB0 /* Supporting Files */ = {
			isa = PBXGroup;
			children = (
				E5EB304A1C464EB600ADEBB0 /* main.m */,
			);
			name = "Supporting Files";
			sourceTree = "<group>";
		};
		E5EB30621C464EB600ADEBB0 /* LuckyDrawTests */ = {
			isa = PBXGroup;
			children = (
				E5EB30631C464EB600ADEBB0 /* LuckyDrawTests.m */,
				E5EB30651C464EB600ADEBB0 /* Info.plist */,
			);
			path = LuckyDrawTests;
			sourceTree = "<group>";
		};
		E5EB306D1C464EB600ADEBB0 /* LuckyDrawUITests */ = {
			isa = PBXGroup;
			children = (
				E5EB306E1C464EB600ADEBB0 /* LuckyDrawUITests.m */,
				E5EB30701C464EB600ADEBB0 /* Info.plist */,
			);
			path = LuckyDrawUITests;
			sourceTree = "<group>";
		};
/* End PBXGroup section */

/* Begin PBXNativeTarget section */
		E5EB30451C464EB600ADEBB0 /* LuckyDraw */ = {
			isa = PBXNativeTarget;
			buildConfigurationList = E5EB30731C464EB600ADEBB0 /* Build configuration list for PBXNativeTarget "LuckyDraw" */;
			buildPhases = (
				E5EB30421C464EB600ADEBB0 /* Sources */,
				E5EB30431C464EB600ADEBB0 /* Frameworks */,
				E5EB30441C464EB600ADEBB0 /* Resources */,
			);
			buildRules = (
			);
			dependencies = (
			);
			name = LuckyDraw;
			productName = LuckyDraw;
			productReference = E5EB30461C464EB600ADEBB0 /* LuckyDraw.app */;
			productType = "com.apple.product-type.application";
		};
		E5EB305E1C464EB600ADEBB0 /* LuckyDrawTests */ = {
			isa = PBXNativeTarget;
			buildConfigurationList = E5EB30761C464EB600ADEBB0 /* Build configuration list for PBXNativeTarget "LuckyDrawTests" */;
			buildPhases = (
				E5EB305B1C464EB600ADEBB0 /* Sources */,
				E5EB305C1C464EB600ADEBB0 /* Frameworks */,
				E5EB305D1C464EB600ADEBB0 /* Resources */,
			);
			buildRules = (
			);
			dependencies = (
				E5EB30611C464EB600ADEBB0 /* PBXTargetDependency */,
			);
			name = LuckyDrawTests;
			productName = LuckyDrawTests;
			productReference = E5EB305F1C464EB600ADEBB0 /* LuckyDrawTests.xctest */;
			productType = "com.apple.product-type.bundle.unit-test";
		};
		E5EB30691C464EB600ADEBB0 /* LuckyDrawUITests */ = {
			isa = PBXNativeTarget;
			buildConfigurationList = E5EB30791C464EB600ADEBB0 /* Build configuration list for PBXNativeTarget "LuckyDrawUITests" */;
			buildPhases = (
				E5EB30661C464EB600ADEBB0 /* Sources */,
				E5EB30671C464EB600ADEBB0 /* Frameworks */,
				E5EB30681C464EB600ADEBB0 /* Resources */,
			);
			buildRules = (
			);
			dependencies = (
				E5EB306C1C464EB600ADEBB0 /* PBXTargetDependency */,
			);
			name = LuckyDrawUITests;
			productName = LuckyDrawUITests;
			productReference = E5EB306A1C464EB600ADEBB0 /* LuckyDrawUITests.xctest */;
			productType = "com.apple.product-type.bundle.ui-testing";
		};
/* End PBXNativeTarget section */

/* Begin PBXProject section */
		E5EB303E1C464EB600ADEBB0 /* Project object */ = {
			isa = PBXProject;
			attributes = {
				LastUpgradeCheck = 0700;
				ORGANIZATIONNAME = chenyi;
				TargetAttributes = {
					E5EB30451C464EB600ADEBB0 = {
						CreatedOnToolsVersion = 7.0;
					};
					E5EB305E1C464EB600ADEBB0 = {
						CreatedOnToolsVersion = 7.0;
						TestTargetID = E5EB30451C464EB600ADEBB0;
					};
					E5EB30691C464EB600ADEBB0 = {
						CreatedOnToolsVersion = 7.0;
						TestTargetID = E5EB30451C464EB600ADEBB0;
					};
				};
			};
			buildConfigurationList = E5EB30411C464EB600ADEBB0 /* Build configuration list for PBXProject "LuckyDraw" */;
			compatibilityVersion = "Xcode 3.2";
			developmentRegion = English;
			hasScannedForEncodings = 0;
			knownRegions = (
				en,
				Base,
			);
			mainGroup = E5EB303D1C464EB600ADEBB0;
			productRefGroup = E5EB30471C464EB600ADEBB0 /* Products */;
			projectDirPath = "";
			projectRoot = "";
			targets = (
				E5EB30451C464EB600ADEBB0 /* LuckyDraw */,
				E5EB305E1C464EB600ADEBB0 /* LuckyDrawTests */,
				E5EB30691C464EB600ADEBB0 /* LuckyDrawUITests */,
			);
		};
/* End PBXProject section */

/* Begin PBXResourcesBuildPhase section */
		E5EB30441C464EB600ADEBB0 /* Resources */ = {
			isa = PBXResourcesBuildPhase;
			buildActionMask = 2147483647;
			files = (
				E5EB30591C464EB600ADEBB0 /* LaunchScreen.storyboard in Resources */,
				E5EB30561C464EB600ADEBB0 /* Assets.xcassets in Resources */,
				E5EB30541C464EB600ADEBB0 /* Main.storyboard in Resources */,
			);
			runOnlyForDeploymentPostprocessing = 0;
		};
		E5EB305D1C464EB600ADEBB0 /* Resources */ = {
			isa = PBXResourcesBuildPhase;
			buildActionMask = 2147483647;
			files = (
			);
			runOnlyForDeploymentPostprocessing = 0;
		};
		E5EB30681C464EB600ADEBB0 /* Resources */ = {
			isa = PBXResourcesBuildPhase;
			buildActionMask = 2147483647;
			files = (
			);
			runOnlyForDeploymentPostprocessing = 0;
		};
/* End PBXResourcesBuildPhase section */

/* Begin PBXSourcesBuildPhase section */
		E5EB30421C464EB600ADEBB0 /* Sources */ = {
			isa = PBXSourcesBuildPhase;
			buildActionMask = 2147483647;
			files = (
				E5EB30511C464EB600ADEBB0 /* ViewController.m in Sources */,
				E5EB304E1C464EB600ADEBB0 /* AppDelegate.m in Sources */,
				E5EB304B1C464EB600ADEBB0 /* main.m in Sources */,
			);
			runOnlyForDeploymentPostprocessing = 0;
		};
		E5EB305B1C464EB600ADEBB0 /* Sources */ = {
			isa = PBXSourcesBuildPhase;
			buildActionMask = 2147483647;
			files = (
				E5EB30641C464EB600ADEBB0 /* LuckyDrawTests.m in Sources */,
			);
			runOnlyForDeploymentPostprocessing = 0;
		};
		E5EB30661C464EB600ADEBB0 /* Sources */ = {
			isa = PBXSourcesBuildPhase;
			buildActionMask = 2147483647;
			files = (
				E5EB306F1C464EB600ADEBB0 /* LuckyDrawUITests.m in Sources */,
			);
			runOnlyForDeploymentPostprocessing = 0;
		};
/* End PBXSourcesBuildPhase section */

/* Begin PBXTargetDependency section */
		E5EB30611C464EB600ADEBB0 /* PBXTargetDependency */ = {
			isa = PBXTargetDependency;
			target = E5EB30451C464EB600ADEBB0 /* LuckyDraw */;
			targetProxy = E5EB30601C464EB600ADEBB0 /* PBXContainerItemProxy */;
		};
		E5EB306C1C464EB600ADEBB0 /* PBXTargetDependency */ = {
			isa = PBXTargetDependency;
			target = E5EB30451C464EB600ADEBB0 /* LuckyDraw */;
			targetProxy = E5EB306B1C464EB600ADEBB0 /* PBXContainerItemProxy */;
		};
/* End PBXTargetDependency section */

/* Begin PBXVariantGroup section */
		E5EB30521C464EB600ADEBB0 /* Main.storyboard */ = {
			isa = PBXVariantGroup;
			children = (
				E5EB30531C464EB600ADEBB0 /* Base */,
			);
			name = Main.storyboard;
			sourceTree = "<group>";
		};
		E5EB30571C464EB600ADEBB0 /* LaunchScreen.storyboard */ = {
			isa = PBXVariantGroup;
			children = (
				E5EB30581C464EB600ADEBB0 /* Base */,
			);
			name = LaunchScreen.storyboard;
			sourceTree = "<group>";
		};
/* End PBXVariantGroup section */

/* Begin XCBuildConfiguration section */
		E5EB30711C464EB600ADEBB0 /* Debug */ = {
			isa = XCBuildConfiguration;
			buildSettings = {
				ALWAYS_SEARCH_USER_PATHS = NO;
				CLANG_CXX_LANGUAGE_STANDARD = "gnu++0x";
				CLANG_CXX_LIBRARY = "libc++";
				CLANG_ENABLE_MODULES = YES;
				CLANG_ENABLE_OBJC_ARC = YES;
				CLANG_WARN_BOOL_CONVERSION = YES;
				CLANG_WARN_CONSTANT_CONVERSION = YES;
				CLANG_WARN_DIRECT_OBJC_ISA_USAGE = YES_ERROR;
				CLANG_WARN_EMPTY_BODY = YES;
				CLANG_WARN_ENUM_CONVERSION = YES;
				CLANG_WARN_INT_CONVERSION = YES;
				CLANG_WARN_OBJC_ROOT_CLASS = YES_ERROR;
				CLANG_WARN_UNREACHABLE_CODE = YES;
				CLANG_WARN__DUPLICATE_METHOD_MATCH = YES;
				"CODE_SIGN_IDENTITY[sdk=iphoneos*]" = "iPhone Developer";
				COPY_PHASE_STRIP = NO;
				DEBUG_INFORMATION_FORMAT = dwarf;
				ENABLE_STRICT_OBJC_MSGSEND = YES;
				ENABLE_TESTABILITY = YES;
				GCC_C_LANGUAGE_STANDARD = gnu99;
				GCC_DYNAMIC_NO_PIC = NO;
				GCC_NO_COMMON_BLOCKS = YES;
				GCC_OPTIMIZATION_LEVEL = 0;
				GCC_PREPROCESSOR_DEFINITIONS = (
					"DEBUG=1",
					"$(inherited)",
				);
				GCC_WARN_64_TO_32_BIT_CONVERSION = YES;
				GCC_WARN_ABOUT_RETURN_TYPE = YES_ERROR;
				GCC_WARN_UNDECLARED_SELECTOR = YES;
				GCC_WARN_UNINITIALIZED_AUTOS = YES_AGGRESSIVE;
				GCC_WARN_UNUSED_FUNCTION = YES;
				GCC_WARN_UNUSED_VARIABLE = YES;
				IPHONEOS_DEPLOYMENT_TARGET = 9.0;
				MTL_ENABLE_DEBUG_INFO = YES;
				ONLY_ACTIVE_ARCH = YES;
				SDKROOT = iphoneos;
				TARGETED_DEVICE_FAMILY = "1,2";
			};
			name = Debug;
		};
		E5EB30721C464EB600ADEBB0 /* Release */ = {
			isa = XCBuildConfiguration;
			buildSettings = {
				ALWAYS_SEARCH_USER_PATHS = NO;
				CLANG_CXX_LANGUAGE_STANDARD = "gnu++0x";
				CLANG_CXX_LIBRARY = "libc++";
				CLANG_ENABLE_MODULES = YES;
				CLANG_ENABLE_OBJC_ARC = YES;
				CLANG_WARN_BOOL_CONVERSION = YES;
				CLANG_WARN_CONSTANT_CONVERSION = YES;
				CLANG_WARN_DIRECT_OBJC_ISA_USAGE = YES_ERROR;
				CLANG_WARN_EMPTY_BODY = YES;
				CLANG_WARN_ENUM_CONVERSION = YES;
				CLANG_WARN_INT_CONVERSION = YES;
				CLANG_WARN_OBJC_ROOT_CLASS = YES_ERROR;
				CLANG_WARN_UNREACHABLE_CODE = YES;
				CLANG_WARN__DUPLICATE_METHOD_MATCH = YES;
				"CODE_SIGN_IDENTITY[sdk=iphoneos*]" = "iPhone Developer";
				COPY_PHASE_STRIP = NO;
				DEBUG_INFORMATION_FORMAT = "dwarf-with-dsym";
				ENABLE_NS_ASSERTIONS = NO;
				ENABLE_STRICT_OBJC_MSGSEND = YES;
				GCC_C_LANGUAGE_STANDARD = gnu99;
				GCC_NO_COMMON_BLOCKS = YES;
				GCC_WARN_64_TO_32_BIT_CONVERSION = YES;
				GCC_WARN_ABOUT_RETURN_TYPE = YES_ERROR;
				GCC_WARN_UNDECLARED_SELECTOR = YES;
				GCC_WARN_UNINITIALIZED_AUTOS = YES_AGGRESSIVE;
				GCC_WARN_UNUSED_FUNCTION = YES;
				GCC_WARN_UNUSED_VARIABLE = YES;
				IPHONEOS_DEPLOYMENT_TARGET = 9.0;
				MTL_ENABLE_DEBUG_INFO = NO;
				SDKROOT = iphoneos;
				TARGETED_DEVICE_FAMILY = "1,2";
				VALIDATE_PRODUCT = YES;
			};
			name = Release;
		};
		E5EB30741C464EB600ADEBB0 /* Debug */ = {
			isa = XCBuildConfiguration;
			buildSettings = {
				ASSETCATALOG_COMPILER_APPICON_NAME = AppIcon;
				INFOPLIST_FILE = LuckyDraw/Info.plist;
				LD_RUNPATH_SEARCH_PATHS = "$(inherited) @executable_path/Frameworks";
				PRODUCT_BUNDLE_IDENTIFIER = AutoLayer.LuckyDraw;
				PRODUCT_NAME = "$(TARGET_NAME)";
			};
			name = Debug;
		};
		E5EB30751C464EB600ADEBB0 /* Release */ = {
			isa = XCBuildConfiguration;
			buildSettings = {
				ASSETCATALOG_COMPILER_APPICON_NAME = AppIcon;
				INFOPLIST_FILE = LuckyDraw/Info.plist;
				LD_RUNPATH_SEARCH_PATHS = "$(inherited) @executable_path/Frameworks";
				PRODUCT_BUNDLE_IDENTIFIER = AutoLayer.LuckyDraw;
				PRODUCT_NAME = "$(TARGET_NAME)";
			};
			name = Release;
		};
		E5EB30771C464EB600ADEBB0 /* Debug */ = {
			isa = XCBuildConfiguration;
			buildSettings = {
				BUNDLE_LOADER = "$(TEST_HOST)";
				INFOPLIST_FILE = LuckyDrawTests/Info.plist;
				LD_RUNPATH_SEARCH_PATHS = "$(inherited) @executable_path/Frameworks @loader_path/Frameworks";
				PRODUCT_BUNDLE_IDENTIFIER = AutoLayer.LuckyDrawTests;
				PRODUCT_NAME = "$(TARGET_NAME)";
				TEST_HOST = "$(BUILT_PRODUCTS_DIR)/LuckyDraw.app/LuckyDraw";
			};
			name = Debug;
		};
		E5EB30781C464EB600ADEBB0 /* Release */ = {
			isa = XCBuildConfiguration;
			buildSettings = {
				BUNDLE_LOADER = "$(TEST_HOST)";
				INFOPLIST_FILE = LuckyDrawTests/Info.plist;
				LD_RUNPATH_SEARCH_PATHS = "$(inherited) @executable_path/Frameworks @loader_path/Frameworks";
				PRODUCT_BUNDLE_IDENTIFIER = AutoLayer.LuckyDrawTests;
				PRODUCT_NAME = "$(TARGET_NAME)";
				TEST_HOST = "$(BUILT_PRODUCTS_DIR)/LuckyDraw.app/LuckyDraw";
			};
			name = Release;
		};
		E5EB307A1C464EB600ADEBB0 /* Debug */ = {
			isa = XCBuildConfiguration;
			buildSettings = {
				INFOPLIST_FILE = LuckyDrawUITests/Info.plist;
				LD_RUNPATH_SEARCH_PATHS = "$(inherited) @executable_path/Frameworks @loader_path/Frameworks";
				PRODUCT_BUNDLE_IDENTIFIER = AutoLayer.LuckyDrawUITests;
				PRODUCT_NAME = "$(TARGET_NAME)";
				TEST_TARGET_NAME = LuckyDraw;
				USES_XCTRUNNER = YES;
			};
			name = Debug;
		};
		E5EB307B1C464EB600ADEBB0 /* Release */ = {
			isa = XCBuildConfiguration;
			buildSettings = {
				INFOPLIST_FILE = LuckyDrawUITests/Info.plist;
				LD_RUNPATH_SEARCH_PATHS = "$(inherited) @executable_path/Frameworks @loader_path/Frameworks";
				PRODUCT_BUNDLE_IDENTIFIER = AutoLayer.LuckyDrawUITests;
				PRODUCT_NAME = "$(TARGET_NAME)";
				TEST_TARGET_NAME = LuckyDraw;
				USES_XCTRUNNER = YES;
			};
			name = Release;
		};
/* End XCBuildConfiguration section */

/* Begin XCConfigurationList section */
		E5EB30411C464EB600ADEBB0 /* Build configuration list for PBXProject "LuckyDraw" */ = {
			isa = XCConfigurationList;
			buildConfigurations = (
				E5EB30711C464EB600ADEBB0 /* Debug */,
				E5EB30721C464EB600ADEBB0 /* Release */,
			);
			defaultConfigurationIsVisible = 0;
			defaultConfigurationName = Release;
		};
		E5EB30731C464EB600ADEBB0 /* Build configuration list for PBXNativeTarget "LuckyDraw" */ = {
			isa = XCConfigurationList;
			buildConfigurations = (
				E5EB30741C464EB600ADEBB0 /* Debug */,
				E5EB30751C464EB600ADEBB0 /* Release */,
			);
			defaultConfigurationIsVisible = 0;
		};
		E5EB30761C464EB600ADEBB0 /* Build configuration list for PBXNativeTarget "LuckyDrawTests" */ = {
			isa = XCConfigurationList;
			buildConfigurations = (
				E5EB30771C464EB600ADEBB0 /* Debug */,
				E5EB30781C464EB600ADEBB0 /* Release */,
			);
			defaultConfigurationIsVisible = 0;
		};
		E5EB30791C464EB600ADEBB0 /* Build configuration list for PBXNativeTarget "LuckyDrawUITests" */ = {
			isa = XCConfigurationList;
			buildConfigurations = (
				E5EB307A1C464EB600ADEBB0 /* Debug */,
				E5EB307B1C464EB600ADEBB0 /* Release */,
			);
			defaultConfigurationIsVisible = 0;
		};
/* End XCConfigurationList section */
	};
	rootObject = E5EB303E1C464EB600ADEBB0 /* Project object */;
}
